
Microsoft Visual Studio Solution File, Format Version 12.00
# Visual Studio 15
VisualStudioVersion = 15.0.28307.779
MinimumVisualStudioVersion = 10.0.40219.1
Project("{8BC9CEB8-8B4A-11D0-8D11-00A0C91BC942}") = "BHRayTracer", "BHRayTracer\BHRayTracer.vcxproj", "{49C75113-36C4-4483-B0DB-A7679269F75F}"
	ProjectSection(ProjectDependencies) = postProject
		{C406DAEC-0886-4771-8DEA-9D7329B46CC1} = {C406DAEC-0886-4771-8DEA-9D7329B46CC1}
	EndProjectSection
EndProject
Project("{8BC9CEB8-8B4A-11D0-8D11-00A0C91BC942}") = "tinyxml", "tinyxml\tinyxml_lib.vcxproj", "{C406DAEC-0886-4771-8DEA-9D7329B46CC1}"
EndProject
Global
	GlobalSection(SolutionConfigurationPlatforms) = preSolution
		Debug|ARM64 = Debug|ARM64
		Debug|x64 = Debug|x64
		Debug|x86 = Debug|x86
		MinSizeRel|ARM64 = MinSizeRel|ARM64
		MinSizeRel|x64 = MinSizeRel|x64
		MinSizeRel|x86 = MinSizeRel|x86
		Release|ARM64 = Release|ARM64
		Release|x64 = Release|x64
		Release|x86 = Release|x86
		RelWithDebInfo|ARM64 = RelWithDebInfo|ARM64
		RelWithDebInfo|x64 = RelWithDebInfo|x64
		RelWithDebInfo|x86 = RelWithDebInfo|x86
	EndGlobalSection
	GlobalSection(ProjectConfigurationPlatforms) = postSolution
		{49C75113-36C4-4483-B0DB-A7679269F75F}.Debug|ARM64.ActiveCfg = Debug|Win32
		{49C75113-36C4-4483-B0DB-A7679269F75F}.Debug|x64.ActiveCfg = Debug|x64
		{49C75113-36C4-4483-B0DB-A7679269F75F}.Debug|x64.Build.0 = Debug|x64
		{49C75113-36C4-4483-B0DB-A7679269F75F}.Debug|x86.ActiveCfg = Debug|Win32
		{49C75113-36C4-4483-B0DB-A7679269F75F}.Debug|x86.Build.0 = Debug|Win32
		{49C75113-36C4-4483-B0DB-A7679269F75F}.MinSizeRel|ARM64.ActiveCfg = Release|x64
		{49C75113-36C4-4483-B0DB-A7679269F75F}.MinSizeRel|ARM64.Build.0 = Release|x64
		{49C75113-36C4-4483-B0DB-A7679269F75F}.MinSizeRel|x64.ActiveCfg = Release|x64
		{49C75113-36C4-4483-B0DB-A7679269F75F}.MinSizeRel|x64.Build.0 = Release|x64
		{49C75113-36C4-4483-B0DB-A7679269F75F}.MinSizeRel|x86.ActiveCfg = Release|Win32
		{49C75113-36C4-4483-B0DB-A7679269F75F}.MinSizeRel|x86.Build.0 = Release|Win32
		{49C75113-36C4-4483-B0DB-A7679269F75F}.Release|ARM64.ActiveCfg = Release|Win32
		{49C75113-36C4-4483-B0DB-A7679269F75F}.Release|x64.ActiveCfg = Release|x64
		{49C75113-36C4-4483-B0DB-A7679269F75F}.Release|x64.Build.0 = Release|x64
		{49C75113-36C4-4483-B0DB-A7679269F75F}.Release|x86.ActiveCfg = Release|Win32
		{49C75113-36C4-4483-B0DB-A7679269F75F}.Release|x86.Build.0 = Release|Win32
		{49C75113-36C4-4483-B0DB-A7679269F75F}.RelWithDebInfo|ARM64.ActiveCfg = Release|x64
		{49C75113-36C4-4483-B0DB-A7679269F75F}.RelWithDebInfo|ARM64.Build.0 = Release|x64
		{49C75113-36C4-4483-B0DB-A7679269F75F}.RelWithDebInfo|x64.ActiveCfg = Release|x64
		{49C75113-36C4-4483-B0DB-A7679269F75F}.RelWithDebInfo|x64.Build.0 = Release|x64
		{49C75113-36C4-4483-B0DB-A7679269F75F}.RelWithDebInfo|x86.ActiveCfg = Release|Win32
		{49C75113-36C4-4483-B0DB-A7679269F75F}.RelWithDebInfo|x86.Build.0 = Release|Win32
		{C406DAEC-0886-4771-8DEA-9D7329B46CC1}.Debug|ARM64.ActiveCfg = Debug|ARM64
		{C406DAEC-0886-4771-8DEA-9D7329B46CC1}.Debug|ARM64.Build.0 = Debug|ARM64
		{C406DAEC-0886-4771-8DEA-9D7329B46CC1}.Debug|x64.ActiveCfg = Debug|Win32
		{C406DAEC-0886-4771-8DEA-9D7329B46CC1}.Debug|x86.ActiveCfg = Debug|Win32
		{C406DAEC-0886-4771-8DEA-9D7329B46CC1}.Debug|x86.Build.0 = Debug|Win32
		{C406DAEC-0886-4771-8DEA-9D7329B46CC1}.MinSizeRel|ARM64.ActiveCfg = Release|ARM64
		{C406DAEC-0886-4771-8DEA-9D7329B46CC1}.MinSizeRel|ARM64.Build.0 = Release|ARM64
		{C406DAEC-0886-4771-8DEA-9D7329B46CC1}.MinSizeRel|x64.ActiveCfg = Release|Win32
		{C406DAEC-0886-4771-8DEA-9D7329B46CC1}.MinSizeRel|x64.Build.0 = Release|Win32
		{C406DAEC-0886-4771-8DEA-9D7329B46CC1}.MinSizeRel|x86.ActiveCfg = Release|Win32
		{C406DAEC-0886-4771-8DEA-9D7329B46CC1}.MinSizeRel|x86.Build.0 = Release|Win32
		{C406DAEC-0886-4771-8DEA-9D7329B46CC1}.Release|ARM64.ActiveCfg = Release|ARM64
		{C406DAEC-0886-4771-8DEA-9D7329B46CC1}.Release|ARM64.Build.0 = Release|ARM64
		{C406DAEC-0886-4771-8DEA-9D7329B46CC1}.Release|x64.ActiveCfg = Release|Win32
		{C406DAEC-0886-4771-8DEA-9D7329B46CC1}.Release|x86.ActiveCfg = Release|Win32
		{C406DAEC-0886-4771-8DEA-9D7329B46CC1}.Release|x86.Build.0 = Release|Win32
		{C406DAEC-0886-4771-8DEA-9D7329B46CC1}.RelWithDebInfo|ARM64.ActiveCfg = Release|ARM64
		{C406DAEC-0886-4771-8DEA-9D7329B46CC1}.RelWithDebInfo|ARM64.Build.0 = Release|ARM64
		{C406DAEC-0886-4771-8DEA-9D7329B46CC1}.RelWithDebInfo|x64.ActiveCfg = Release|Win32
		{C406DAEC-0886-4771-8DEA-9D7329B46CC1}.RelWithDebInfo|x64.Build.0 = Release|Win32
		{C406DAEC-0886-4771-8DEA-9D7329B46CC1}.RelWithDebInfo|x86.ActiveCfg = Release|Win32
		{C406DAEC-0886-4771-8DEA-9D7329B46CC1}.RelWithDebInfo|x86.Build.0 = Release|Win32
	EndGlobalSection
	GlobalSection(SolutionProperties) = preSolution
		HideSolutionNode = FALSE
	EndGlobalSection
	GlobalSection(ExtensibilityGlobals) = postSolution
		SolutionGuid = {16DBC02F-555C-4F3E-9C6A-4BF9F56508BB}
	EndGlobalSection
EndGlobal
