
Microsoft Visual Studio Solution File, Format Version 12.00
# Visual Studio 15
VisualStudioVersion = 15.0.28307.779
MinimumVisualStudioVersion = 10.0.40219.1
Project("{8BC9CEB8-8B4A-11D0-8D11-00A0C91BC942}") = "BHRayTracer", "BHRayTracer\BHRayTracer.vcxproj", "{49C75113-36C4-4483-B0DB-A7679269F75F}"
EndProject
Project("{8BC9CEB8-8B4A-11D0-8D11-00A0C91BC942}") = "PhotonMapViewer", "PhotonMapViewer\PhotonMapViewer.vcxproj", "{872CE33A-43F1-463E-86D1-7645C91DAAC5}"
EndProject
Global
	GlobalSection(SolutionConfigurationPlatforms) = preSolution
		Debug|x64 = Debug|x64
		Debug|x86 = Debug|x86
		MinSizeRel|x64 = MinSizeRel|x64
		MinSizeRel|x86 = MinSizeRel|x86
		Release|x64 = Release|x64
		Release|x86 = Release|x86
		RelWithDebInfo|x64 = RelWithDebInfo|x64
		RelWithDebInfo|x86 = RelWithDebInfo|x86
	EndGlobalSection
	GlobalSection(ProjectConfigurationPlatforms) = postSolution
		{49C75113-36C4-4483-B0DB-A7679269F75F}.Debug|x64.ActiveCfg = Debug|x64
		{49C75113-36C4-4483-B0DB-A7679269F75F}.Debug|x64.Build.0 = Debug|x64
		{49C75113-36C4-4483-B0DB-A7679269F75F}.Debug|x86.ActiveCfg = Debug|Win32
		{49C75113-36C4-4483-B0DB-A7679269F75F}.Debug|x86.Build.0 = Debug|Win32
		{49C75113-36C4-4483-B0DB-A7679269F75F}.MinSizeRel|x64.ActiveCfg = Release|x64
		{49C75113-36C4-4483-B0DB-A7679269F75F}.MinSizeRel|x64.Build.0 = Release|x64
		{49C75113-36C4-4483-B0DB-A7679269F75F}.MinSizeRel|x86.ActiveCfg = Release|Win32
		{49C75113-36C4-4483-B0DB-A7679269F75F}.MinSizeRel|x86.Build.0 = Release|Win32
		{49C75113-36C4-4483-B0DB-A7679269F75F}.Release|x64.ActiveCfg = Release|x64
		{49C75113-36C4-4483-B0DB-A7679269F75F}.Release|x64.Build.0 = Release|x64
		{49C75113-36C4-4483-B0DB-A7679269F75F}.Release|x86.ActiveCfg = Release|Win32
		{49C75113-36C4-4483-B0DB-A7679269F75F}.Release|x86.Build.0 = Release|Win32
		{49C75113-36C4-4483-B0DB-A7679269F75F}.RelWithDebInfo|x64.ActiveCfg = Release|x64
		{49C75113-36C4-4483-B0DB-A7679269F75F}.RelWithDebInfo|x64.Build.0 = Release|x64
		{49C75113-36C4-4483-B0DB-A7679269F75F}.RelWithDebInfo|x86.ActiveCfg = Release|Win32
		{49C75113-36C4-4483-B0DB-A7679269F75F}.RelWithDebInfo|x86.Build.0 = Release|Win32
		{872CE33A-43F1-463E-86D1-7645C91DAAC5}.Debug|x64.ActiveCfg = Debug|x64
		{872CE33A-43F1-463E-86D1-7645C91DAAC5}.Debug|x64.Build.0 = Debug|x64
		{872CE33A-43F1-463E-86D1-7645C91DAAC5}.Debug|x86.ActiveCfg = Debug|Win32
		{872CE33A-43F1-463E-86D1-7645C91DAAC5}.Debug|x86.Build.0 = Debug|Win32
		{872CE33A-43F1-463E-86D1-7645C91DAAC5}.MinSizeRel|x64.ActiveCfg = Release|x64
		{872CE33A-43F1-463E-86D1-7645C91DAAC5}.MinSizeRel|x64.Build.0 = Release|x64
		{872CE33A-43F1-463E-86D1-7645C91DAAC5}.MinSizeRel|x86.ActiveCfg = Release|Win32
		{872CE33A-43F1-463E-86D1-7645C91DAAC5}.MinSizeRel|x86.Build.0 = Release|Win32
		{872CE33A-43F1-463E-86D1-7645C91DAAC5}.Release|x64.ActiveCfg = Release|x64
		{872CE33A-43F1-463E-86D1-7645C91DAAC5}.Release|x64.Build.0 = Release|x64
		{872CE33A-43F1-463E-86D1-7645C91DAAC5}.Release|x86.ActiveCfg = Release|Win32
		{872CE33A-43F1-463E-86D1-7645C91DAAC5}.Release|x86.Build.0 = Release|Win32
		{872CE33A-43F1-463E-86D1-7645C91DAAC5}.RelWithDebInfo|x64.ActiveCfg = Release|x64
		{872CE33A-43F1-463E-86D1-7645C91DAAC5}.RelWithDebInfo|x64.Build.0 = Release|x64
		{872CE33A-43F1-463E-86D1-7645C91DAAC5}.RelWithDebInfo|x86.ActiveCfg = Release|Win32
		{872CE33A-43F1-463E-86D1-7645C91DAAC5}.RelWithDebInfo|x86.Build.0 = Release|Win32
	EndGlobalSection
	GlobalSection(SolutionProperties) = preSolution
		HideSolutionNode = FALSE
	EndGlobalSection
	GlobalSection(ExtensibilityGlobals) = postSolution
		SolutionGuid = {16DBC02F-555C-4F3E-9C6A-4BF9F56508BB}
	EndGlobalSection
EndGlobal
