<?xml version="1.0" encoding="utf-8"?>
<Project ToolsVersion="4.0" xmlns="http://schemas.microsoft.com/developer/msbuild/2003">
  <ItemGroup>
    <Filter Include="Source Files">
      <UniqueIdentifier>{4FC737F1-C7A5-4376-A066-2A32D752A2FF}</UniqueIdentifier>
      <Extensions>cpp;c;cc;cxx;def;odl;idl;hpj;bat;asm;asmx</Extensions>
    </Filter>
    <Filter Include="Header Files">
      <UniqueIdentifier>{93995380-89BD-4b04-88EB-625FBE52EBFB}</UniqueIdentifier>
      <Extensions>h;hh;hpp;hxx;hm;inl;inc;ipp;xsd</Extensions>
    </Filter>
    <Filter Include="Resource Files">
      <UniqueIdentifier>{67DA6AB6-F800-4c08-8B7A-83BB121AAD01}</UniqueIdentifier>
      <Extensions>rc;ico;cur;bmp;dlg;rc2;rct;bin;rgs;gif;jpg;jpeg;jpe;resx;tiff;tif;png;wav;mfcribbon-ms</Extensions>
    </Filter>
    <Filter Include="Source Files\DataStructure">
      <UniqueIdentifier>{e62bd5f6-f125-4e9b-adb0-4aaa78e246c3}</UniqueIdentifier>
    </Filter>
    <Filter Include="Source Files\Lights">
      <UniqueIdentifier>{5414613e-d91c-4612-a4b6-6beb5d1e9830}</UniqueIdentifier>
    </Filter>
    <Filter Include="Source Files\Materials">
      <UniqueIdentifier>{5fcaff2f-04d6-41f6-b294-895ab9917389}</UniqueIdentifier>
    </Filter>
    <Filter Include="Source Files\Materials\Blinn">
      <UniqueIdentifier>{b7c8d951-6804-4eff-b417-0f609edac054}</UniqueIdentifier>
    </Filter>
    <Filter Include="Source Files\Objects">
      <UniqueIdentifier>{bc5f110f-5fc3-4ed0-a9c4-50947c676186}</UniqueIdentifier>
    </Filter>
    <Filter Include="Source Files\Objects\Box">
      <UniqueIdentifier>{b7ea18e4-708a-43a6-8d90-f3b6b156959e}</UniqueIdentifier>
    </Filter>
    <Filter Include="Source Files\Objects\Plane">
      <UniqueIdentifier>{3f2ec9dc-00df-4162-b212-c7ac9a2e4ec7}</UniqueIdentifier>
    </Filter>
    <Filter Include="Source Files\Objects\Sphere">
      <UniqueIdentifier>{a8a1326a-340a-43b9-a453-0cc3efac1a22}</UniqueIdentifier>
    </Filter>
    <Filter Include="Source Files\Objects\TriObj">
      <UniqueIdentifier>{6eec878d-9e46-438b-bdc4-f11c66a1f353}</UniqueIdentifier>
    </Filter>
    <Filter Include="Source Files\Scenes">
      <UniqueIdentifier>{8a82064e-8b56-4e0c-bc6e-65febb74818a}</UniqueIdentifier>
    </Filter>
    <Filter Include="Source Files\Textures">
      <UniqueIdentifier>{9227bea2-774e-4aba-bd1f-cde306e1f373}</UniqueIdentifier>
    </Filter>
    <Filter Include="Source Files\Plugins">
      <UniqueIdentifier>{f1303792-4fbe-4b0e-9693-c01a2bc135c2}</UniqueIdentifier>
    </Filter>
    <Filter Include="Source Files\Plugins\Tinyxml2">
      <UniqueIdentifier>{97693981-cfe5-49fa-9402-be56d91c71b3}</UniqueIdentifier>
    </Filter>
    <Filter Include="Source Files\Plugins\LoadPNG">
      <UniqueIdentifier>{ee6ebdc5-5033-40ea-9cab-e9586e83e2df}</UniqueIdentifier>
    </Filter>
    <Filter Include="Source Files\Plugins\Oidn">
      <UniqueIdentifier>{8f6351a1-4990-45f1-8ca2-339a150dd495}</UniqueIdentifier>
    </Filter>
  </ItemGroup>
  <ItemGroup>
    <ClCompile Include="Main.cpp">
      <Filter>Source Files</Filter>
    </ClCompile>
    <ClCompile Include="viewport.cpp">
      <Filter>Source Files</Filter>
    </ClCompile>
    <ClCompile Include="xmlload.cpp">
      <Filter>Source Files</Filter>
    </ClCompile>
    <ClCompile Include="Lights\GenLight.cpp">
      <Filter>Source Files\Lights</Filter>
    </ClCompile>
    <ClCompile Include="Lights\PointLight.cpp">
      <Filter>Source Files\Lights</Filter>
    </ClCompile>
    <ClCompile Include="LoadPNG\lodepng.cpp">
      <Filter>Source Files\Plugins\LoadPNG</Filter>
    </ClCompile>
    <ClCompile Include="Materials\Blinn\MtlBlinn.cpp">
      <Filter>Source Files\Materials\Blinn</Filter>
    </ClCompile>
    <ClCompile Include="Objects\Box\Box.cpp">
      <Filter>Source Files\Objects\Box</Filter>
    </ClCompile>
    <ClCompile Include="Objects\TriObj\TriObj.cpp">
      <Filter>Source Files\Objects\TriObj</Filter>
    </ClCompile>
    <ClCompile Include="Objects\Sphere\Sphere.cpp">
      <Filter>Source Files\Objects\Sphere</Filter>
    </ClCompile>
    <ClCompile Include="Objects\Plane\Plane.cpp">
      <Filter>Source Files\Objects\Plane</Filter>
    </ClCompile>
    <ClCompile Include="Textures\Texture.cpp">
      <Filter>Source Files\Textures</Filter>
    </ClCompile>
    <ClCompile Include="Tinyxml2\tinyxml2.cpp">
      <Filter>Source Files\Plugins\Tinyxml2</Filter>
    </ClCompile>
  </ItemGroup>
  <ItemGroup>
    <ClInclude Include="DataStructure\cyAlphaDistribution.h">
      <Filter>Source Files\DataStructure</Filter>
    </ClInclude>
    <ClInclude Include="DataStructure\cyBVH.h">
      <Filter>Source Files\DataStructure</Filter>
    </ClInclude>
    <ClInclude Include="DataStructure\cyColor.h">
      <Filter>Source Files\DataStructure</Filter>
    </ClInclude>
    <ClInclude Include="DataStructure\cyCore.h">
      <Filter>Source Files\DataStructure</Filter>
    </ClInclude>
    <ClInclude Include="DataStructure\cyGL.h">
      <Filter>Source Files\DataStructure</Filter>
    </ClInclude>
    <ClInclude Include="DataStructure\cyHairFile.h">
      <Filter>Source Files\DataStructure</Filter>
    </ClInclude>
    <ClInclude Include="DataStructure\cyHeap.h">
      <Filter>Source Files\DataStructure</Filter>
    </ClInclude>
    <ClInclude Include="DataStructure\cyIPoint.h">
      <Filter>Source Files\DataStructure</Filter>
    </ClInclude>
    <ClInclude Include="DataStructure\cyIVector.h">
      <Filter>Source Files\DataStructure</Filter>
    </ClInclude>
    <ClInclude Include="DataStructure\cyLightingGrid.h">
      <Filter>Source Files\DataStructure</Filter>
    </ClInclude>
    <ClInclude Include="DataStructure\cyMatrix.h">
      <Filter>Source Files\DataStructure</Filter>
    </ClInclude>
    <ClInclude Include="DataStructure\cyPhotonMap.h">
      <Filter>Source Files\DataStructure</Filter>
    </ClInclude>
    <ClInclude Include="DataStructure\cyPoint.h">
      <Filter>Source Files\DataStructure</Filter>
    </ClInclude>
    <ClInclude Include="DataStructure\cyPointCloud.h">
      <Filter>Source Files\DataStructure</Filter>
    </ClInclude>
    <ClInclude Include="DataStructure\cyQuat.h">
      <Filter>Source Files\DataStructure</Filter>
    </ClInclude>
    <ClInclude Include="DataStructure\cySampleElim.h">
      <Filter>Source Files\DataStructure</Filter>
    </ClInclude>
    <ClInclude Include="DataStructure\cySpatial.h">
      <Filter>Source Files\DataStructure</Filter>
    </ClInclude>
    <ClInclude Include="DataStructure\cyString.h">
      <Filter>Source Files\DataStructure</Filter>
    </ClInclude>
    <ClInclude Include="DataStructure\cyTimer.h">
      <Filter>Source Files\DataStructure</Filter>
    </ClInclude>
    <ClInclude Include="DataStructure\cyVector.h">
      <Filter>Source Files\DataStructure</Filter>
    </ClInclude>
    <ClInclude Include="Lights\lights.h">
      <Filter>Source Files\Lights</Filter>
    </ClInclude>
    <ClInclude Include="LoadPNG\lodepng.h">
      <Filter>Source Files\Plugins\LoadPNG</Filter>
    </ClInclude>
    <ClInclude Include="Materials\materials.h">
      <Filter>Source Files\Materials</Filter>
    </ClInclude>
    <ClInclude Include="Objects\TriObj\cyTriMesh.h">
      <Filter>Source Files\Objects\TriObj</Filter>
    </ClInclude>
    <ClInclude Include="Scenes\scene.h">
      <Filter>Source Files\Scenes</Filter>
    </ClInclude>
    <ClInclude Include="Textures\texture.h">
      <Filter>Source Files\Textures</Filter>
    </ClInclude>
    <ClInclude Include="Tinyxml2\tinyxml2.h">
      <Filter>Source Files\Plugins\Tinyxml2</Filter>
    </ClInclude>
    <ClInclude Include="..\oidn-1.1.0.x64\include\OpenImageDenoise\oidn.h">
      <Filter>Source Files\Plugins\Oidn</Filter>
    </ClInclude>
    <ClInclude Include="..\oidn-1.1.0.x64\include\OpenImageDenoise\oidn.hpp">
      <Filter>Source Files\Plugins\Oidn</Filter>
    </ClInclude>
    <ClInclude Include="..\oidn-1.1.0.x64\include\OpenImageDenoise\version.h">
      <Filter>Source Files\Plugins\Oidn</Filter>
    </ClInclude>
  </ItemGroup>
  <ItemGroup>
    <None Include="LoadPNG\LICENSE">
      <Filter>Source Files\Plugins\LoadPNG</Filter>
    </None>
    <None Include="LoadPNG\Makefile">
      <Filter>Source Files\Plugins\LoadPNG</Filter>
    </None>
    <None Include="LoadPNG\README.md">
      <Filter>Source Files\Plugins\LoadPNG</Filter>
    </None>
  </ItemGroup>
</Project>