<?xml version="1.0" encoding="utf-8"?>
<Project ToolsVersion="4.0" xmlns="http://schemas.microsoft.com/developer/msbuild/2003">
  <ItemGroup>
    <Filter Include="Source Files">
      <UniqueIdentifier>{4FC737F1-C7A5-4376-A066-2A32D752A2FF}</UniqueIdentifier>
      <Extensions>cpp;c;cc;cxx;def;odl;idl;hpj;bat;asm;asmx</Extensions>
    </Filter>
    <Filter Include="Header Files">
      <UniqueIdentifier>{93995380-89BD-4b04-88EB-625FBE52EBFB}</UniqueIdentifier>
      <Extensions>h;hh;hpp;hxx;hm;inl;inc;ipp;xsd</Extensions>
    </Filter>
    <Filter Include="Resource Files">
      <UniqueIdentifier>{67DA6AB6-F800-4c08-8B7A-83BB121AAD01}</UniqueIdentifier>
      <Extensions>rc;ico;cur;bmp;dlg;rc2;rct;bin;rgs;gif;jpg;jpeg;jpe;resx;tiff;tif;png;wav;mfcribbon-ms</Extensions>
    </Filter>
    <Filter Include="Source Files\DataStructure">
      <UniqueIdentifier>{27fee814-b88c-4519-9e1f-30381dc22d4b}</UniqueIdentifier>
    </Filter>
    <Filter Include="Source Files\LoadPNG">
      <UniqueIdentifier>{d942d8c2-167e-4e0a-8e59-755190d1426e}</UniqueIdentifier>
    </Filter>
    <Filter Include="Source Files\DataStructure\Materials">
      <UniqueIdentifier>{278cfa6b-f188-4b93-b025-087be1a91d27}</UniqueIdentifier>
    </Filter>
    <Filter Include="Source Files\DataStructure\Obejcts">
      <UniqueIdentifier>{17bb6621-4bb3-4407-94e0-626ad524faf5}</UniqueIdentifier>
    </Filter>
    <Filter Include="Source Files\DataStructure\Obejcts\TrianglarObj">
      <UniqueIdentifier>{1831fac2-8aa6-4154-b8b3-479e6a885e8d}</UniqueIdentifier>
    </Filter>
    <Filter Include="Source Files\DataStructure\Obejcts\Sphere">
      <UniqueIdentifier>{a4b94873-c029-4301-a360-d5fe8757d59e}</UniqueIdentifier>
    </Filter>
    <Filter Include="Source Files\DataStructure\Obejcts\Box">
      <UniqueIdentifier>{35de0111-5cb9-42c9-b0de-33a4f7d71399}</UniqueIdentifier>
    </Filter>
    <Filter Include="Source Files\DataStructure\Textures">
      <UniqueIdentifier>{d380334a-0be8-4e1e-ad52-0e296b0dd380}</UniqueIdentifier>
    </Filter>
    <Filter Include="Source Files\DataStructure\Scenes">
      <UniqueIdentifier>{5a0cd78a-1a94-4129-921c-d1972bc3f81f}</UniqueIdentifier>
    </Filter>
    <Filter Include="Source Files\DataStructure\Lights">
      <UniqueIdentifier>{b45eda6c-9697-46a4-a4ce-926f0ccb98a5}</UniqueIdentifier>
    </Filter>
    <Filter Include="Source Files\DataStructure\Camera">
      <UniqueIdentifier>{53d05a7e-318f-4621-8bd8-ac73226d88f0}</UniqueIdentifier>
    </Filter>
  </ItemGroup>
  <ItemGroup>
    <ClInclude Include="DataStructure\cyAlphaDistribution.h">
      <Filter>Source Files\DataStructure</Filter>
    </ClInclude>
    <ClInclude Include="DataStructure\cyBVH.h">
      <Filter>Source Files\DataStructure</Filter>
    </ClInclude>
    <ClInclude Include="DataStructure\cyColor.h">
      <Filter>Source Files\DataStructure</Filter>
    </ClInclude>
    <ClInclude Include="DataStructure\cyCore.h">
      <Filter>Source Files\DataStructure</Filter>
    </ClInclude>
    <ClInclude Include="DataStructure\cyGL.h">
      <Filter>Source Files\DataStructure</Filter>
    </ClInclude>
    <ClInclude Include="DataStructure\cyHairFile.h">
      <Filter>Source Files\DataStructure</Filter>
    </ClInclude>
    <ClInclude Include="DataStructure\cyHeap.h">
      <Filter>Source Files\DataStructure</Filter>
    </ClInclude>
    <ClInclude Include="DataStructure\cyIPoint.h">
      <Filter>Source Files\DataStructure</Filter>
    </ClInclude>
    <ClInclude Include="DataStructure\cyIVector.h">
      <Filter>Source Files\DataStructure</Filter>
    </ClInclude>
    <ClInclude Include="DataStructure\cyLightingGrid.h">
      <Filter>Source Files\DataStructure</Filter>
    </ClInclude>
    <ClInclude Include="DataStructure\cyMatrix.h">
      <Filter>Source Files\DataStructure</Filter>
    </ClInclude>
    <ClInclude Include="DataStructure\cyPoint.h">
      <Filter>Source Files\DataStructure</Filter>
    </ClInclude>
    <ClInclude Include="DataStructure\cyPointCloud.h">
      <Filter>Source Files\DataStructure</Filter>
    </ClInclude>
    <ClInclude Include="DataStructure\cyQuat.h">
      <Filter>Source Files\DataStructure</Filter>
    </ClInclude>
    <ClInclude Include="DataStructure\cySampleElim.h">
      <Filter>Source Files\DataStructure</Filter>
    </ClInclude>
    <ClInclude Include="DataStructure\cySpatial.h">
      <Filter>Source Files\DataStructure</Filter>
    </ClInclude>
    <ClInclude Include="DataStructure\cyString.h">
      <Filter>Source Files\DataStructure</Filter>
    </ClInclude>
    <ClInclude Include="DataStructure\cyTimer.h">
      <Filter>Source Files\DataStructure</Filter>
    </ClInclude>
    <ClInclude Include="DataStructure\cyTriMesh.h">
      <Filter>Source Files\DataStructure</Filter>
    </ClInclude>
    <ClInclude Include="DataStructure\cyVector.h">
      <Filter>Source Files\DataStructure</Filter>
    </ClInclude>
    <ClInclude Include="LoadPNG\lodepng.h">
      <Filter>Source Files\LoadPNG</Filter>
    </ClInclude>
    <ClInclude Include="cyTriMesh.h">
      <Filter>Source Files\DataStructure</Filter>
    </ClInclude>
    <ClInclude Include="texture.h">
      <Filter>Source Files\DataStructure\Textures</Filter>
    </ClInclude>
    <ClInclude Include="DataStructure\materials.h">
      <Filter>Source Files\DataStructure\Materials</Filter>
    </ClInclude>
    <ClInclude Include="DataStructure\objects.h">
      <Filter>Source Files\DataStructure\Obejcts</Filter>
    </ClInclude>
    <ClInclude Include="DataStructure\scene.h">
      <Filter>Source Files\DataStructure\Scenes</Filter>
    </ClInclude>
    <ClInclude Include="DataStructure\lights.h">
      <Filter>Source Files\DataStructure\Lights</Filter>
    </ClInclude>
  </ItemGroup>
  <ItemGroup>
    <ClCompile Include="LoadPNG\lodepng.cpp">
      <Filter>Source Files\LoadPNG</Filter>
    </ClCompile>
    <ClCompile Include="Main.cpp">
      <Filter>Source Files</Filter>
    </ClCompile>
    <ClCompile Include="viewport.cpp">
      <Filter>Source Files</Filter>
    </ClCompile>
    <ClCompile Include="xmlload.cpp">
      <Filter>Source Files</Filter>
    </ClCompile>
    <ClCompile Include="DataStructure\MtlBlinn.cpp">
      <Filter>Source Files\DataStructure\Materials</Filter>
    </ClCompile>
    <ClCompile Include="DataStructure\Sphere.cpp">
      <Filter>Source Files\DataStructure\Obejcts\Sphere</Filter>
    </ClCompile>
    <ClCompile Include="TriObj.cpp">
      <Filter>Source Files\DataStructure\Obejcts\TrianglarObj</Filter>
    </ClCompile>
    <ClCompile Include="Plane.cpp">
      <Filter>Source Files\DataStructure\Obejcts\TrianglarObj</Filter>
    </ClCompile>
    <ClCompile Include="Box.cpp">
      <Filter>Source Files\DataStructure\Obejcts\Box</Filter>
    </ClCompile>
    <ClCompile Include="Texture.cpp">
      <Filter>Source Files\DataStructure\Textures</Filter>
    </ClCompile>
  </ItemGroup>
</Project>